// !$*UTF8*$!
{
	archiveVersion = 1;
	classes = {
	};
	objectVersion = 50;
	objects = {

/* Begin PBXBuildFile section */
		49E72BE12558467000A498BA /* AppDelegate.swift in Sources */ = {isa = PBXBuildFile; fileRef = 49E72BE02558467000A498BA /* AppDelegate.swift */; };
		49E72BE32558467000A498BA /* SceneDelegate.swift in Sources */ = {isa = PBXBuildFile; fileRef = 49E72BE22558467000A498BA /* SceneDelegate.swift */; };
		49E72BE82558467000A498BA /* Main.storyboard in Resources */ = {isa = PBXBuildFile; fileRef = 49E72BE62558467000A498BA /* Main.storyboard */; };
		49E72BEA2558467100A498BA /* Assets.xcassets in Resources */ = {isa = PBXBuildFile; fileRef = 49E72BE92558467100A498BA /* Assets.xcassets */; };
		49E72BED2558467100A498BA /* LaunchScreen.storyboard in Resources */ = {isa = PBXBuildFile; fileRef = 49E72BEB2558467100A498BA /* LaunchScreen.storyboard */; };
		49E72BFD25584AEB00A498BA /* TrackListViewController.swift in Sources */ = {isa = PBXBuildFile; fileRef = 49E72BFC25584AEB00A498BA /* TrackListViewController.swift */; };
		49E72C0125584B3400A498BA /* TrackDetailsViewController.swift in Sources */ = {isa = PBXBuildFile; fileRef = 49E72C0025584B3400A498BA /* TrackDetailsViewController.swift */; };
		49E72C0425584BC500A498BA /* Track.swift in Sources */ = {isa = PBXBuildFile; fileRef = 49E72C0325584BC500A498BA /* Track.swift */; };
/* End PBXBuildFile section */

/* Begin PBXFileReference section */
		49E72BDD2558467000A498BA /* TrackListApp.app */ = {isa = PBXFileReference; explicitFileType = wrapper.application; includeInIndex = 0; path = TrackListApp.app; sourceTree = BUILT_PRODUCTS_DIR; };
		49E72BE02558467000A498BA /* AppDelegate.swift */ = {isa = PBXFileReference; lastKnownFileType = sourcecode.swift; path = AppDelegate.swift; sourceTree = "<group>"; };
		49E72BE22558467000A498BA /* SceneDelegate.swift */ = {isa = PBXFileReference; lastKnownFileType = sourcecode.swift; path = SceneDelegate.swift; sourceTree = "<group>"; };
		49E72BE72558467000A498BA /* Base */ = {isa = PBXFileReference; lastKnownFileType = file.storyboard; name = Base; path = Base.lproj/Main.storyboard; sourceTree = "<group>"; };
		49E72BE92558467100A498BA /* Assets.xcassets */ = {isa = PBXFileReference; lastKnownFileType = folder.assetcatalog; path = Assets.xcassets; sourceTree = "<group>"; };
		49E72BEC2558467100A498BA /* Base */ = {isa = PBXFileReference; lastKnownFileType = file.storyboard; name = Base; path = Base.lproj/LaunchScreen.storyboard; sourceTree = "<group>"; };
		49E72BEE2558467100A498BA /* Info.plist */ = {isa = PBXFileReference; lastKnownFileType = text.plist.xml; path = Info.plist; sourceTree = "<group>"; };
		49E72BFC25584AEB00A498BA /* TrackListViewController.swift */ = {isa = PBXFileReference; lastKnownFileType = sourcecode.swift; path = TrackListViewController.swift; sourceTree = "<group>"; };
		49E72C0025584B3400A498BA /* TrackDetailsViewController.swift */ = {isa = PBXFileReference; lastKnownFileType = sourcecode.swift; path = TrackDetailsViewController.swift; sourceTree = "<group>"; };
		49E72C0325584BC500A498BA /* Track.swift */ = {isa = PBXFileReference; lastKnownFileType = sourcecode.swift; path = Track.swift; sourceTree = "<group>"; };
/* End PBXFileReference section */

/* Begin PBXFrameworksBuildPhase section */
		49E72BDA2558467000A498BA /* Frameworks */ = {
			isa = PBXFrameworksBuildPhase;
			buildActionMask = 2147483647;
			files = (
			);
			runOnlyForDeploymentPostprocessing = 0;
		};
/* End PBXFrameworksBuildPhase section */

/* Begin PBXGroup section */
		49E72BD42558467000A498BA = {
			isa = PBXGroup;
			children = (
				49E72BDF2558467000A498BA /* TrackListApp */,
				49E72BDE2558467000A498BA /* Products */,
			);
			sourceTree = "<group>";
		};
		49E72BDE2558467000A498BA /* Products */ = {
			isa = PBXGroup;
			children = (
				49E72BDD2558467000A498BA /* TrackListApp.app */,
			);
			name = Products;
			sourceTree = "<group>";
		};
		49E72BDF2558467000A498BA /* TrackListApp */ = {
			isa = PBXGroup;
			children = (
				49E72BF925584A1600A498BA /* Models */,
				49E72BF825584A0C00A498BA /* View Controllers */,
				49E72BF7255849FE00A498BA /* Storyboards */,
				49E72BF6255849DB00A498BA /* Resources */,
				49E72BF5255849CF00A498BA /* Supporting Files */,
			);
			path = TrackListApp;
			sourceTree = "<group>";
		};
		49E72BF5255849CF00A498BA /* Supporting Files */ = {
			isa = PBXGroup;
			children = (
				49E72BE02558467000A498BA /* AppDelegate.swift */,
				49E72BE22558467000A498BA /* SceneDelegate.swift */,
				49E72BEE2558467100A498BA /* Info.plist */,
			);
			path = "Supporting Files";
			sourceTree = "<group>";
		};
		49E72BF6255849DB00A498BA /* Resources */ = {
			isa = PBXGroup;
			children = (
				49E72BE92558467100A498BA /* Assets.xcassets */,
			);
			path = Resources;
			sourceTree = "<group>";
		};
		49E72BF7255849FE00A498BA /* Storyboards */ = {
			isa = PBXGroup;
			children = (
				49E72BE62558467000A498BA /* Main.storyboard */,
				49E72BEB2558467100A498BA /* LaunchScreen.storyboard */,
			);
			path = Storyboards;
			sourceTree = "<group>";
		};
		49E72BF825584A0C00A498BA /* View Controllers */ = {
			isa = PBXGroup;
			children = (
				49E72BFC25584AEB00A498BA /* TrackListViewController.swift */,
				49E72C0025584B3400A498BA /* TrackDetailsViewController.swift */,
			);
			path = "View Controllers";
			sourceTree = "<group>";
		};
		49E72BF925584A1600A498BA /* Models */ = {
			isa = PBXGroup;
			children = (
				49E72C0325584BC500A498BA /* Track.swift */,
			);
			path = Models;
			sourceTree = "<group>";
		};
/* End PBXGroup section */

/* Begin PBXNativeTarget section */
		49E72BDC2558467000A498BA /* TrackListApp */ = {
			isa = PBXNativeTarget;
			buildConfigurationList = 49E72BF12558467100A498BA /* Build configuration list for PBXNativeTarget "TrackListApp" */;
			buildPhases = (
				49E72BD92558467000A498BA /* Sources */,
				49E72BDA2558467000A498BA /* Frameworks */,
				49E72BDB2558467000A498BA /* Resources */,
			);
			buildRules = (
			);
			dependencies = (
			);
			name = TrackListApp;
			productName = TrackListApp;
			productReference = 49E72BDD2558467000A498BA /* TrackListApp.app */;
			productType = "com.apple.product-type.application";
		};
/* End PBXNativeTarget section */

/* Begin PBXProject section */
		49E72BD52558467000A498BA /* Project object */ = {
			isa = PBXProject;
			attributes = {
				LastSwiftUpdateCheck = 1210;
				LastUpgradeCheck = 1210;
				TargetAttributes = {
					49E72BDC2558467000A498BA = {
						CreatedOnToolsVersion = 12.1;
					};
				};
			};
			buildConfigurationList = 49E72BD82558467000A498BA /* Build configuration list for PBXProject "TrackListApp" */;
			compatibilityVersion = "Xcode 9.3";
			developmentRegion = en;
			hasScannedForEncodings = 0;
			knownRegions = (
				en,
				Base,
			);
			mainGroup = 49E72BD42558467000A498BA;
			productRefGroup = 49E72BDE2558467000A498BA /* Products */;
			projectDirPath = "";
			projectRoot = "";
			targets = (
				49E72BDC2558467000A498BA /* TrackListApp */,
			);
		};
/* End PBXProject section */

/* Begin PBXResourcesBuildPhase section */
		49E72BDB2558467000A498BA /* Resources */ = {
			isa = PBXResourcesBuildPhase;
			buildActionMask = 2147483647;
			files = (
				49E72BED2558467100A498BA /* LaunchScreen.storyboard in Resources */,
				49E72BEA2558467100A498BA /* Assets.xcassets in Resources */,
				49E72BE82558467000A498BA /* Main.storyboard in Resources */,
			);
			runOnlyForDeploymentPostprocessing = 0;
		};
/* End PBXResourcesBuildPhase section */

/* Begin PBXSourcesBuildPhase section */
		49E72BD92558467000A498BA /* Sources */ = {
			isa = PBXSourcesBuildPhase;
			buildActionMask = 2147483647;
			files = (
				49E72BE12558467000A498BA /* AppDelegate.swift in Sources */,
				49E72C0425584BC500A498BA /* Track.swift in Sources */,
				49E72BE32558467000A498BA /* SceneDelegate.swift in Sources */,
				49E72C0125584B3400A498BA /* TrackDetailsViewController.swift in Sources */,
				49E72BFD25584AEB00A498BA /* TrackListViewController.swift in Sources */,
			);
			runOnlyForDeploymentPostprocessing = 0;
		};
/* End PBXSourcesBuildPhase section */

/* Begin PBXVariantGroup section */
		49E72BE62558467000A498BA /* Main.storyboard */ = {
			isa = PBXVariantGroup;
			children = (
				49E72BE72558467000A498BA /* Base */,
			);
			name = Main.storyboard;
			sourceTree = "<group>";
		};
		49E72BEB2558467100A498BA /* LaunchScreen.storyboard */ = {
			isa = PBXVariantGroup;
			children = (
				49E72BEC2558467100A498BA /* Base */,
			);
			name = LaunchScreen.storyboard;
			sourceTree = "<group>";
		};
/* End PBXVariantGroup section */

/* Begin XCBuildConfiguration section */
		49E72BEF2558467100A498BA /* Debug */ = {
			isa = XCBuildConfiguration;
			buildSettings = {
				ALWAYS_SEARCH_USER_PATHS = NO;
				CLANG_ANALYZER_NONNULL = YES;
				CLANG_ANALYZER_NUMBER_OBJECT_CONVERSION = YES_AGGRESSIVE;
				CLANG_CXX_LANGUAGE_STANDARD = "gnu++14";
				CLANG_CXX_LIBRARY = "libc++";
				CLANG_ENABLE_MODULES = YES;
				CLANG_ENABLE_OBJC_ARC = YES;
				CLANG_ENABLE_OBJC_WEAK = YES;
				CLANG_WARN_BLOCK_CAPTURE_AUTORELEASING = YES;
				CLANG_WARN_BOOL_CONVERSION = YES;
				CLANG_WARN_COMMA = YES;
				CLANG_WARN_CONSTANT_CONVERSION = YES;
				CLANG_WARN_DEPRECATED_OBJC_IMPLEMENTATIONS = YES;
				CLANG_WARN_DIRECT_OBJC_ISA_USAGE = YES_ERROR;
				CLANG_WARN_DOCUMENTATION_COMMENTS = YES;
				CLANG_WARN_EMPTY_BODY = YES;
				CLANG_WARN_ENUM_CONVERSION = YES;
				CLANG_WARN_INFINITE_RECURSION = YES;
				CLANG_WARN_INT_CONVERSION = YES;
				CLANG_WARN_NON_LITERAL_NULL_CONVERSION = YES;
				CLANG_WARN_OBJC_IMPLICIT_RETAIN_SELF = YES;
				CLANG_WARN_OBJC_LITERAL_CONVERSION = YES;
				CLANG_WARN_OBJC_ROOT_CLASS = YES_ERROR;
				CLANG_WARN_QUOTED_INCLUDE_IN_FRAMEWORK_HEADER = YES;
				CLANG_WARN_RANGE_LOOP_ANALYSIS = YES;
				CLANG_WARN_STRICT_PROTOTYPES = YES;
				CLANG_WARN_SUSPICIOUS_MOVE = YES;
				CLANG_WARN_UNGUARDED_AVAILABILITY = YES_AGGRESSIVE;
				CLANG_WARN_UNREACHABLE_CODE = YES;
				CLANG_WARN__DUPLICATE_METHOD_MATCH = YES;
				COPY_PHASE_STRIP = NO;
				DEBUG_INFORMATION_FORMAT = dwarf;
				ENABLE_STRICT_OBJC_MSGSEND = YES;
				ENABLE_TESTABILITY = YES;
				GCC_C_LANGUAGE_STANDARD = gnu11;
				GCC_DYNAMIC_NO_PIC = NO;
				GCC_NO_COMMON_BLOCKS = YES;
				GCC_OPTIMIZATION_LEVEL = 0;
				GCC_PREPROCESSOR_DEFINITIONS = (
					"DEBUG=1",
					"$(inherited)",
				);
				GCC_WARN_64_TO_32_BIT_CONVERSION = YES;
				GCC_WARN_ABOUT_RETURN_TYPE = YES_ERROR;
				GCC_WARN_UNDECLARED_SELECTOR = YES;
				GCC_WARN_UNINITIALIZED_AUTOS = YES_AGGRESSIVE;
				GCC_WARN_UNUSED_FUNCTION = YES;
				GCC_WARN_UNUSED_VARIABLE = YES;
				IPHONEOS_DEPLOYMENT_TARGET = 14.1;
				MTL_ENABLE_DEBUG_INFO = INCLUDE_SOURCE;
				MTL_FAST_MATH = YES;
				ONLY_ACTIVE_ARCH = YES;
				SDKROOT = iphoneos;
				SWIFT_ACTIVE_COMPILATION_CONDITIONS = DEBUG;
				SWIFT_OPTIMIZATION_LEVEL = "-Onone";
			};
			name = Debug;
		};
		49E72BF02558467100A498BA /* Release */ = {
			isa = XCBuildConfiguration;
			buildSettings = {
				ALWAYS_SEARCH_USER_PATHS = NO;
				CLANG_ANALYZER_NONNULL = YES;
				CLANG_ANALYZER_NUMBER_OBJECT_CONVERSION = YES_AGGRESSIVE;
				CLANG_CXX_LANGUAGE_STANDARD = "gnu++14";
				CLANG_CXX_LIBRARY = "libc++";
				CLANG_ENABLE_MODULES = YES;
				CLANG_ENABLE_OBJC_ARC = YES;
				CLANG_ENABLE_OBJC_WEAK = YES;
				CLANG_WARN_BLOCK_CAPTURE_AUTORELEASING = YES;
				CLANG_WARN_BOOL_CONVERSION = YES;
				CLANG_WARN_COMMA = YES;
				CLANG_WARN_CONSTANT_CONVERSION = YES;
				CLANG_WARN_DEPRECATED_OBJC_IMPLEMENTATIONS = YES;
				CLANG_WARN_DIRECT_OBJC_ISA_USAGE = YES_ERROR;
				CLANG_WARN_DOCUMENTATION_COMMENTS = YES;
				CLANG_WARN_EMPTY_BODY = YES;
				CLANG_WARN_ENUM_CONVERSION = YES;
				CLANG_WARN_INFINITE_RECURSION = YES;
				CLANG_WARN_INT_CONVERSION = YES;
				CLANG_WARN_NON_LITERAL_NULL_CONVERSION = YES;
				CLANG_WARN_OBJC_IMPLICIT_RETAIN_SELF = YES;
				CLANG_WARN_OBJC_LITERAL_CONVERSION = YES;
				CLANG_WARN_OBJC_ROOT_CLASS = YES_ERROR;
				CLANG_WARN_QUOTED_INCLUDE_IN_FRAMEWORK_HEADER = YES;
				CLANG_WARN_RANGE_LOOP_ANALYSIS = YES;
				CLANG_WARN_STRICT_PROTOTYPES = YES;
				CLANG_WARN_SUSPICIOUS_MOVE = YES;
				CLANG_WARN_UNGUARDED_AVAILABILITY = YES_AGGRESSIVE;
				CLANG_WARN_UNREACHABLE_CODE = YES;
				CLANG_WARN__DUPLICATE_METHOD_MATCH = YES;
				COPY_PHASE_STRIP = NO;
				DEBUG_INFORMATION_FORMAT = "dwarf-with-dsym";
				ENABLE_NS_ASSERTIONS = NO;
				ENABLE_STRICT_OBJC_MSGSEND = YES;
				GCC_C_LANGUAGE_STANDARD = gnu11;
				GCC_NO_COMMON_BLOCKS = YES;
				GCC_WARN_64_TO_32_BIT_CONVERSION = YES;
				GCC_WARN_ABOUT_RETURN_TYPE = YES_ERROR;
				GCC_WARN_UNDECLARED_SELECTOR = YES;
				GCC_WARN_UNINITIALIZED_AUTOS = YES_AGGRESSIVE;
				GCC_WARN_UNUSED_FUNCTION = YES;
				GCC_WARN_UNUSED_VARIABLE = YES;
				IPHONEOS_DEPLOYMENT_TARGET = 14.1;
				MTL_ENABLE_DEBUG_INFO = NO;
				MTL_FAST_MATH = YES;
				SDKROOT = iphoneos;
				SWIFT_COMPILATION_MODE = wholemodule;
				SWIFT_OPTIMIZATION_LEVEL = "-O";
				VALIDATE_PRODUCT = YES;
			};
			name = Release;
		};
		49E72BF22558467100A498BA /* Debug */ = {
			isa = XCBuildConfiguration;
			buildSettings = {
				ASSETCATALOG_COMPILER_APPICON_NAME = AppIcon;
				ASSETCATALOG_COMPILER_GLOBAL_ACCENT_COLOR_NAME = AccentColor;
				CODE_SIGN_STYLE = Automatic;
				DEVELOPMENT_TEAM = NA6C9Y7864;
				INFOPLIST_FILE = "TrackListApp/Supporting Files/Info.plist";
				LD_RUNPATH_SEARCH_PATHS = (
					"$(inherited)",
					"@executable_path/Frameworks",
				);
				PRODUCT_BUNDLE_IDENTIFIER = ru.egor.skrutelev.TrackListApp;
				PRODUCT_NAME = "$(TARGET_NAME)";
				SWIFT_VERSION = 5.0;
				TARGETED_DEVICE_FAMILY = "1,2";
			};
			name = Debug;
		};
		49E72BF32558467100A498BA /* Release */ = {
			isa = XCBuildConfiguration;
			buildSettings = {
				ASSETCATALOG_COMPILER_APPICON_NAME = AppIcon;
				ASSETCATALOG_COMPILER_GLOBAL_ACCENT_COLOR_NAME = AccentColor;
				CODE_SIGN_STYLE = Automatic;
				DEVELOPMENT_TEAM = NA6C9Y7864;
				INFOPLIST_FILE = "TrackListApp/Supporting Files/Info.plist";
				LD_RUNPATH_SEARCH_PATHS = (
					"$(inherited)",
					"@executable_path/Frameworks",
				);
				PRODUCT_BUNDLE_IDENTIFIER = ru.egor.skrutelev.TrackListApp;
				PRODUCT_NAME = "$(TARGET_NAME)";
				SWIFT_VERSION = 5.0;
				TARGETED_DEVICE_FAMILY = "1,2";
			};
			name = Release;
		};
/* End XCBuildConfiguration section */

/* Begin XCConfigurationList section */
		49E72BD82558467000A498BA /* Build configuration list for PBXProject "TrackListApp" */ = {
			isa = XCConfigurationList;
			buildConfigurations = (
				49E72BEF2558467100A498BA /* Debug */,
				49E72BF02558467100A498BA /* Release */,
			);
			defaultConfigurationIsVisible = 0;
			defaultConfigurationName = Release;
		};
		49E72BF12558467100A498BA /* Build configuration list for PBXNativeTarget "TrackListApp" */ = {
			isa = XCConfigurationList;
			buildConfigurations = (
				49E72BF22558467100A498BA /* Debug */,
				49E72BF32558467100A498BA /* Release */,
			);
			defaultConfigurationIsVisible = 0;
			defaultConfigurationName = Release;
		};
/* End XCConfigurationList section */
	};
	rootObject = 49E72BD52558467000A498BA /* Project object */;
}
